
Microsoft Visual Studio Solution File, Format Version 12.00
# Visual Studio Version 17
VisualStudioVersion = 17.11.35222.181
MinimumVisualStudioVersion = 10.0.40219.1
Project("{FAE04EC0-301F-11D3-BF4B-00C04F79EFBC}") = "Modul8.HW-03.4", "Modul8.HW-03.4\Modul8.HW-03.4.csproj", "{7D5747D8-12B3-4065-85B0-CB5CF9561A05}"
EndProject
Global
	GlobalSection(SolutionConfigurationPlatforms) = preSolution
		Debug|Any CPU = Debug|Any CPU
		Release|Any CPU = Release|Any CPU
	EndGlobalSection
	GlobalSection(ProjectConfigurationPlatforms) = postSolution
		{7D5747D8-12B3-4065-85B0-CB5CF9561A05}.Debug|Any CPU.ActiveCfg = Debug|Any CPU
		{7D5747D8-12B3-4065-85B0-CB5CF9561A05}.Debug|Any CPU.Build.0 = Debug|Any CPU
		{7D5747D8-12B3-4065-85B0-CB5CF9561A05}.Release|Any CPU.ActiveCfg = Release|Any CPU
		{7D5747D8-12B3-4065-85B0-CB5CF9561A05}.Release|Any CPU.Build.0 = Release|Any CPU
	EndGlobalSection
	GlobalSection(SolutionProperties) = preSolution
		HideSolutionNode = FALSE
	EndGlobalSection
	GlobalSection(ExtensibilityGlobals) = postSolution
		SolutionGuid = {D7486CA1-C867-4F9A-AD59-9AE1D948A7FB}
	EndGlobalSection
EndGlobal
